// !$*UTF8*$!
{
	archiveVersion = 1;
	classes = {
	};
	objectVersion = 46;
	objects = {

/* Begin PBXBuildFile section */
		4814992A1BFC26740006BC61 /* MainScreenViewController.swift in Sources */ = {isa = PBXBuildFile; fileRef = 481499291BFC26740006BC61 /* MainScreenViewController.swift */; settings = {ASSET_TAGS = (); }; };
		48149CA61BFC82BE0006BC61 /* Bolts.framework in Frameworks */ = {isa = PBXBuildFile; fileRef = 48149CA51BFC82BE0006BC61 /* Bolts.framework */; settings = {ASSET_TAGS = (); }; };
		48149CA91BFC83840006BC61 /* FBSDKCoreKit.framework in Frameworks */ = {isa = PBXBuildFile; fileRef = 48149CA71BFC83840006BC61 /* FBSDKCoreKit.framework */; settings = {ASSET_TAGS = (); }; };
		48149CAA1BFC83840006BC61 /* FBSDKLoginKit.framework in Frameworks */ = {isa = PBXBuildFile; fileRef = 48149CA81BFC83840006BC61 /* FBSDKLoginKit.framework */; settings = {ASSET_TAGS = (); }; };
		48149D061BFCB26F0006BC61 /* AsyncButton.swift in Sources */ = {isa = PBXBuildFile; fileRef = 48149CE81BFCB26F0006BC61 /* AsyncButton.swift */; settings = {ASSET_TAGS = (); }; };
		48149D071BFCB26F0006BC61 /* AsyncImageView.swift in Sources */ = {isa = PBXBuildFile; fileRef = 48149CE91BFCB26F0006BC61 /* AsyncImageView.swift */; settings = {ASSET_TAGS = (); }; };
		48149D081BFCB26F0006BC61 /* AutoTextView.swift in Sources */ = {isa = PBXBuildFile; fileRef = 48149CEA1BFCB26F0006BC61 /* AutoTextView.swift */; settings = {ASSET_TAGS = (); }; };
		48149D091BFCB26F0006BC61 /* BlurView.swift in Sources */ = {isa = PBXBuildFile; fileRef = 48149CEB1BFCB26F0006BC61 /* BlurView.swift */; settings = {ASSET_TAGS = (); }; };
		48149D0A1BFCB26F0006BC61 /* DesignableButton.swift in Sources */ = {isa = PBXBuildFile; fileRef = 48149CEC1BFCB26F0006BC61 /* DesignableButton.swift */; settings = {ASSET_TAGS = (); }; };
		48149D0B1BFCB26F0006BC61 /* DesignableImageView.swift in Sources */ = {isa = PBXBuildFile; fileRef = 48149CED1BFCB26F0006BC61 /* DesignableImageView.swift */; settings = {ASSET_TAGS = (); }; };
		48149D0C1BFCB26F0006BC61 /* DesignableLabel.swift in Sources */ = {isa = PBXBuildFile; fileRef = 48149CEE1BFCB26F0006BC61 /* DesignableLabel.swift */; settings = {ASSET_TAGS = (); }; };
		48149D0D1BFCB26F0006BC61 /* DesignableTabBarController.swift in Sources */ = {isa = PBXBuildFile; fileRef = 48149CEF1BFCB26F0006BC61 /* DesignableTabBarController.swift */; settings = {ASSET_TAGS = (); }; };
		48149D0E1BFCB26F0006BC61 /* DesignableTextField.swift in Sources */ = {isa = PBXBuildFile; fileRef = 48149CF01BFCB26F0006BC61 /* DesignableTextField.swift */; settings = {ASSET_TAGS = (); }; };
		48149D0F1BFCB26F0006BC61 /* DesignableTextView.swift in Sources */ = {isa = PBXBuildFile; fileRef = 48149CF11BFCB26F0006BC61 /* DesignableTextView.swift */; settings = {ASSET_TAGS = (); }; };
		48149D101BFCB26F0006BC61 /* DesignableView.swift in Sources */ = {isa = PBXBuildFile; fileRef = 48149CF21BFCB26F0006BC61 /* DesignableView.swift */; settings = {ASSET_TAGS = (); }; };
		48149D111BFCB26F0006BC61 /* ImageLoader.swift in Sources */ = {isa = PBXBuildFile; fileRef = 48149CF31BFCB26F0006BC61 /* ImageLoader.swift */; settings = {ASSET_TAGS = (); }; };
		48149D121BFCB26F0006BC61 /* Info.plist in Resources */ = {isa = PBXBuildFile; fileRef = 48149CF41BFCB26F0006BC61 /* Info.plist */; settings = {ASSET_TAGS = (); }; };
		48149D131BFCB26F0006BC61 /* KeyboardLayoutConstraint.swift in Sources */ = {isa = PBXBuildFile; fileRef = 48149CF51BFCB26F0006BC61 /* KeyboardLayoutConstraint.swift */; settings = {ASSET_TAGS = (); }; };
		48149D141BFCB26F0006BC61 /* LoadingView.swift in Sources */ = {isa = PBXBuildFile; fileRef = 48149CF61BFCB26F0006BC61 /* LoadingView.swift */; settings = {ASSET_TAGS = (); }; };
		48149D151BFCB26F0006BC61 /* LoadingView.xib in Resources */ = {isa = PBXBuildFile; fileRef = 48149CF71BFCB26F0006BC61 /* LoadingView.xib */; settings = {ASSET_TAGS = (); }; };
		48149D161BFCB26F0006BC61 /* Misc.swift in Sources */ = {isa = PBXBuildFile; fileRef = 48149CF81BFCB26F0006BC61 /* Misc.swift */; settings = {ASSET_TAGS = (); }; };
		48149D171BFCB26F0006BC61 /* SoundPlayer.swift in Sources */ = {isa = PBXBuildFile; fileRef = 48149CF91BFCB26F0006BC61 /* SoundPlayer.swift */; settings = {ASSET_TAGS = (); }; };
		48149D181BFCB26F0006BC61 /* Spring.swift in Sources */ = {isa = PBXBuildFile; fileRef = 48149CFB1BFCB26F0006BC61 /* Spring.swift */; settings = {ASSET_TAGS = (); }; };
		48149D191BFCB26F0006BC61 /* SpringAnimation.swift in Sources */ = {isa = PBXBuildFile; fileRef = 48149CFC1BFCB26F0006BC61 /* SpringAnimation.swift */; settings = {ASSET_TAGS = (); }; };
		48149D1A1BFCB26F0006BC61 /* SpringButton.swift in Sources */ = {isa = PBXBuildFile; fileRef = 48149CFD1BFCB26F0006BC61 /* SpringButton.swift */; settings = {ASSET_TAGS = (); }; };
		48149D1B1BFCB26F0006BC61 /* SpringImageView.swift in Sources */ = {isa = PBXBuildFile; fileRef = 48149CFE1BFCB26F0006BC61 /* SpringImageView.swift */; settings = {ASSET_TAGS = (); }; };
		48149D1C1BFCB26F0006BC61 /* SpringLabel.swift in Sources */ = {isa = PBXBuildFile; fileRef = 48149CFF1BFCB26F0006BC61 /* SpringLabel.swift */; settings = {ASSET_TAGS = (); }; };
		48149D1D1BFCB26F0006BC61 /* SpringTextField.swift in Sources */ = {isa = PBXBuildFile; fileRef = 48149D001BFCB26F0006BC61 /* SpringTextField.swift */; settings = {ASSET_TAGS = (); }; };
		48149D1E1BFCB26F0006BC61 /* SpringTextView.swift in Sources */ = {isa = PBXBuildFile; fileRef = 48149D011BFCB26F0006BC61 /* SpringTextView.swift */; settings = {ASSET_TAGS = (); }; };
		48149D1F1BFCB26F0006BC61 /* SpringView.swift in Sources */ = {isa = PBXBuildFile; fileRef = 48149D021BFCB26F0006BC61 /* SpringView.swift */; settings = {ASSET_TAGS = (); }; };
		48149D201BFCB26F0006BC61 /* TransitionManager.swift in Sources */ = {isa = PBXBuildFile; fileRef = 48149D031BFCB26F0006BC61 /* TransitionManager.swift */; settings = {ASSET_TAGS = (); }; };
		48149D211BFCB26F0006BC61 /* TransitionZoom.swift in Sources */ = {isa = PBXBuildFile; fileRef = 48149D041BFCB26F0006BC61 /* TransitionZoom.swift */; settings = {ASSET_TAGS = (); }; };
		48149D221BFCB26F0006BC61 /* UnwindSegue.swift in Sources */ = {isa = PBXBuildFile; fileRef = 48149D051BFCB26F0006BC61 /* UnwindSegue.swift */; settings = {ASSET_TAGS = (); }; };
		48A9A6291BFB5E35006A1B26 /* AppDelegate.swift in Sources */ = {isa = PBXBuildFile; fileRef = 48A9A6281BFB5E35006A1B26 /* AppDelegate.swift */; };
		48A9A62B1BFB5E35006A1B26 /* ViewController.swift in Sources */ = {isa = PBXBuildFile; fileRef = 48A9A62A1BFB5E35006A1B26 /* ViewController.swift */; };
		48A9A62E1BFB5E35006A1B26 /* Main.storyboard in Resources */ = {isa = PBXBuildFile; fileRef = 48A9A62C1BFB5E35006A1B26 /* Main.storyboard */; };
		48A9A6301BFB5E35006A1B26 /* Assets.xcassets in Resources */ = {isa = PBXBuildFile; fileRef = 48A9A62F1BFB5E35006A1B26 /* Assets.xcassets */; };
		48A9A6331BFB5E35006A1B26 /* LaunchScreen.storyboard in Resources */ = {isa = PBXBuildFile; fileRef = 48A9A6311BFB5E35006A1B26 /* LaunchScreen.storyboard */; };
		48A9A63E1BFB5E35006A1B26 /* FashionableMeTests.swift in Sources */ = {isa = PBXBuildFile; fileRef = 48A9A63D1BFB5E35006A1B26 /* FashionableMeTests.swift */; };
		48A9A6491BFB5E35006A1B26 /* FashionableMeUITests.swift in Sources */ = {isa = PBXBuildFile; fileRef = 48A9A6481BFB5E35006A1B26 /* FashionableMeUITests.swift */; };
		48A9A65C1BFB659F006A1B26 /* HomePageViewController.swift in Sources */ = {isa = PBXBuildFile; fileRef = 48A9A65B1BFB659F006A1B26 /* HomePageViewController.swift */; settings = {ASSET_TAGS = (); }; };
		48A9A6601BFB8751006A1B26 /* TorsoViewController.swift in Sources */ = {isa = PBXBuildFile; fileRef = 48A9A65F1BFB8751006A1B26 /* TorsoViewController.swift */; settings = {ASSET_TAGS = (); }; };
/* End PBXBuildFile section */

/* Begin PBXContainerItemProxy section */
		48A9A63A1BFB5E35006A1B26 /* PBXContainerItemProxy */ = {
			isa = PBXContainerItemProxy;
			containerPortal = 48A9A61D1BFB5E35006A1B26 /* Project object */;
			proxyType = 1;
			remoteGlobalIDString = 48A9A6241BFB5E35006A1B26;
			remoteInfo = FashionableMe;
		};
		48A9A6451BFB5E35006A1B26 /* PBXContainerItemProxy */ = {
			isa = PBXContainerItemProxy;
			containerPortal = 48A9A61D1BFB5E35006A1B26 /* Project object */;
			proxyType = 1;
			remoteGlobalIDString = 48A9A6241BFB5E35006A1B26;
			remoteInfo = FashionableMe;
		};
/* End PBXContainerItemProxy section */

/* Begin PBXFileReference section */
		481499291BFC26740006BC61 /* MainScreenViewController.swift */ = {isa = PBXFileReference; fileEncoding = 4; lastKnownFileType = sourcecode.swift; path = MainScreenViewController.swift; sourceTree = "<group>"; };
		48149CA51BFC82BE0006BC61 /* Bolts.framework */ = {isa = PBXFileReference; lastKnownFileType = wrapper.framework; name = Bolts.framework; path = ../../../Downloads/FacebookSdk/Bolts.framework; sourceTree = "<group>"; };
		48149CA71BFC83840006BC61 /* FBSDKCoreKit.framework */ = {isa = PBXFileReference; lastKnownFileType = wrapper.framework; name = FBSDKCoreKit.framework; path = ../../../Downloads/FacebookSdk/FBSDKCoreKit.framework; sourceTree = "<group>"; };
		48149CA81BFC83840006BC61 /* FBSDKLoginKit.framework */ = {isa = PBXFileReference; lastKnownFileType = wrapper.framework; name = FBSDKLoginKit.framework; path = ../../../Downloads/FacebookSdk/FBSDKLoginKit.framework; sourceTree = "<group>"; };
		48149CE81BFCB26F0006BC61 /* AsyncButton.swift */ = {isa = PBXFileReference; fileEncoding = 4; lastKnownFileType = sourcecode.swift; path = AsyncButton.swift; sourceTree = "<group>"; };
		48149CE91BFCB26F0006BC61 /* AsyncImageView.swift */ = {isa = PBXFileReference; fileEncoding = 4; lastKnownFileType = sourcecode.swift; path = AsyncImageView.swift; sourceTree = "<group>"; };
		48149CEA1BFCB26F0006BC61 /* AutoTextView.swift */ = {isa = PBXFileReference; fileEncoding = 4; lastKnownFileType = sourcecode.swift; path = AutoTextView.swift; sourceTree = "<group>"; };
		48149CEB1BFCB26F0006BC61 /* BlurView.swift */ = {isa = PBXFileReference; fileEncoding = 4; lastKnownFileType = sourcecode.swift; path = BlurView.swift; sourceTree = "<group>"; };
		48149CEC1BFCB26F0006BC61 /* DesignableButton.swift */ = {isa = PBXFileReference; fileEncoding = 4; lastKnownFileType = sourcecode.swift; path = DesignableButton.swift; sourceTree = "<group>"; };
		48149CED1BFCB26F0006BC61 /* DesignableImageView.swift */ = {isa = PBXFileReference; fileEncoding = 4; lastKnownFileType = sourcecode.swift; path = DesignableImageView.swift; sourceTree = "<group>"; };
		48149CEE1BFCB26F0006BC61 /* DesignableLabel.swift */ = {isa = PBXFileReference; fileEncoding = 4; lastKnownFileType = sourcecode.swift; path = DesignableLabel.swift; sourceTree = "<group>"; };
		48149CEF1BFCB26F0006BC61 /* DesignableTabBarController.swift */ = {isa = PBXFileReference; fileEncoding = 4; lastKnownFileType = sourcecode.swift; path = DesignableTabBarController.swift; sourceTree = "<group>"; };
		48149CF01BFCB26F0006BC61 /* DesignableTextField.swift */ = {isa = PBXFileReference; fileEncoding = 4; lastKnownFileType = sourcecode.swift; path = DesignableTextField.swift; sourceTree = "<group>"; };
		48149CF11BFCB26F0006BC61 /* DesignableTextView.swift */ = {isa = PBXFileReference; fileEncoding = 4; lastKnownFileType = sourcecode.swift; path = DesignableTextView.swift; sourceTree = "<group>"; };
		48149CF21BFCB26F0006BC61 /* DesignableView.swift */ = {isa = PBXFileReference; fileEncoding = 4; lastKnownFileType = sourcecode.swift; path = DesignableView.swift; sourceTree = "<group>"; };
		48149CF31BFCB26F0006BC61 /* ImageLoader.swift */ = {isa = PBXFileReference; fileEncoding = 4; lastKnownFileType = sourcecode.swift; path = ImageLoader.swift; sourceTree = "<group>"; };
		48149CF41BFCB26F0006BC61 /* Info.plist */ = {isa = PBXFileReference; fileEncoding = 4; lastKnownFileType = text.plist.xml; path = Info.plist; sourceTree = "<group>"; };
		48149CF51BFCB26F0006BC61 /* KeyboardLayoutConstraint.swift */ = {isa = PBXFileReference; fileEncoding = 4; lastKnownFileType = sourcecode.swift; path = KeyboardLayoutConstraint.swift; sourceTree = "<group>"; };
		48149CF61BFCB26F0006BC61 /* LoadingView.swift */ = {isa = PBXFileReference; fileEncoding = 4; lastKnownFileType = sourcecode.swift; path = LoadingView.swift; sourceTree = "<group>"; };
		48149CF71BFCB26F0006BC61 /* LoadingView.xib */ = {isa = PBXFileReference; fileEncoding = 4; lastKnownFileType = file.xib; path = LoadingView.xib; sourceTree = "<group>"; };
		48149CF81BFCB26F0006BC61 /* Misc.swift */ = {isa = PBXFileReference; fileEncoding = 4; lastKnownFileType = sourcecode.swift; path = Misc.swift; sourceTree = "<group>"; };
		48149CF91BFCB26F0006BC61 /* SoundPlayer.swift */ = {isa = PBXFileReference; fileEncoding = 4; lastKnownFileType = sourcecode.swift; path = SoundPlayer.swift; sourceTree = "<group>"; };
		48149CFA1BFCB26F0006BC61 /* Spring.h */ = {isa = PBXFileReference; fileEncoding = 4; lastKnownFileType = sourcecode.c.h; path = Spring.h; sourceTree = "<group>"; };
		48149CFB1BFCB26F0006BC61 /* Spring.swift */ = {isa = PBXFileReference; fileEncoding = 4; lastKnownFileType = sourcecode.swift; path = Spring.swift; sourceTree = "<group>"; };
		48149CFC1BFCB26F0006BC61 /* SpringAnimation.swift */ = {isa = PBXFileReference; fileEncoding = 4; lastKnownFileType = sourcecode.swift; path = SpringAnimation.swift; sourceTree = "<group>"; };
		48149CFD1BFCB26F0006BC61 /* SpringButton.swift */ = {isa = PBXFileReference; fileEncoding = 4; lastKnownFileType = sourcecode.swift; path = SpringButton.swift; sourceTree = "<group>"; };
		48149CFE1BFCB26F0006BC61 /* SpringImageView.swift */ = {isa = PBXFileReference; fileEncoding = 4; lastKnownFileType = sourcecode.swift; path = SpringImageView.swift; sourceTree = "<group>"; };
		48149CFF1BFCB26F0006BC61 /* SpringLabel.swift */ = {isa = PBXFileReference; fileEncoding = 4; lastKnownFileType = sourcecode.swift; path = SpringLabel.swift; sourceTree = "<group>"; };
		48149D001BFCB26F0006BC61 /* SpringTextField.swift */ = {isa = PBXFileReference; fileEncoding = 4; lastKnownFileType = sourcecode.swift; path = SpringTextField.swift; sourceTree = "<group>"; };
		48149D011BFCB26F0006BC61 /* SpringTextView.swift */ = {isa = PBXFileReference; fileEncoding = 4; lastKnownFileType = sourcecode.swift; path = SpringTextView.swift; sourceTree = "<group>"; };
		48149D021BFCB26F0006BC61 /* SpringView.swift */ = {isa = PBXFileReference; fileEncoding = 4; lastKnownFileType = sourcecode.swift; path = SpringView.swift; sourceTree = "<group>"; };
		48149D031BFCB26F0006BC61 /* TransitionManager.swift */ = {isa = PBXFileReference; fileEncoding = 4; lastKnownFileType = sourcecode.swift; path = TransitionManager.swift; sourceTree = "<group>"; };
		48149D041BFCB26F0006BC61 /* TransitionZoom.swift */ = {isa = PBXFileReference; fileEncoding = 4; lastKnownFileType = sourcecode.swift; path = TransitionZoom.swift; sourceTree = "<group>"; };
		48149D051BFCB26F0006BC61 /* UnwindSegue.swift */ = {isa = PBXFileReference; fileEncoding = 4; lastKnownFileType = sourcecode.swift; path = UnwindSegue.swift; sourceTree = "<group>"; };
		48A9A6251BFB5E35006A1B26 /* FashionableMe.app */ = {isa = PBXFileReference; explicitFileType = wrapper.application; includeInIndex = 0; path = FashionableMe.app; sourceTree = BUILT_PRODUCTS_DIR; };
		48A9A6281BFB5E35006A1B26 /* AppDelegate.swift */ = {isa = PBXFileReference; lastKnownFileType = sourcecode.swift; path = AppDelegate.swift; sourceTree = "<group>"; };
		48A9A62A1BFB5E35006A1B26 /* ViewController.swift */ = {isa = PBXFileReference; lastKnownFileType = sourcecode.swift; path = ViewController.swift; sourceTree = "<group>"; };
		48A9A62D1BFB5E35006A1B26 /* Base */ = {isa = PBXFileReference; lastKnownFileType = file.storyboard; name = Base; path = Base.lproj/Main.storyboard; sourceTree = "<group>"; };
		48A9A62F1BFB5E35006A1B26 /* Assets.xcassets */ = {isa = PBXFileReference; lastKnownFileType = folder.assetcatalog; path = Assets.xcassets; sourceTree = "<group>"; };
		48A9A6321BFB5E35006A1B26 /* Base */ = {isa = PBXFileReference; lastKnownFileType = file.storyboard; name = Base; path = Base.lproj/LaunchScreen.storyboard; sourceTree = "<group>"; };
		48A9A6341BFB5E35006A1B26 /* Info.plist */ = {isa = PBXFileReference; lastKnownFileType = text.plist.xml; path = Info.plist; sourceTree = "<group>"; };
		48A9A6391BFB5E35006A1B26 /* FashionableMeTests.xctest */ = {isa = PBXFileReference; explicitFileType = wrapper.cfbundle; includeInIndex = 0; path = FashionableMeTests.xctest; sourceTree = BUILT_PRODUCTS_DIR; };
		48A9A63D1BFB5E35006A1B26 /* FashionableMeTests.swift */ = {isa = PBXFileReference; lastKnownFileType = sourcecode.swift; path = FashionableMeTests.swift; sourceTree = "<group>"; };
		48A9A63F1BFB5E35006A1B26 /* Info.plist */ = {isa = PBXFileReference; lastKnownFileType = text.plist.xml; path = Info.plist; sourceTree = "<group>"; };
		48A9A6441BFB5E35006A1B26 /* FashionableMeUITests.xctest */ = {isa = PBXFileReference; explicitFileType = wrapper.cfbundle; includeInIndex = 0; path = FashionableMeUITests.xctest; sourceTree = BUILT_PRODUCTS_DIR; };
		48A9A6481BFB5E35006A1B26 /* FashionableMeUITests.swift */ = {isa = PBXFileReference; lastKnownFileType = sourcecode.swift; path = FashionableMeUITests.swift; sourceTree = "<group>"; };
		48A9A64A1BFB5E35006A1B26 /* Info.plist */ = {isa = PBXFileReference; lastKnownFileType = text.plist.xml; path = Info.plist; sourceTree = "<group>"; };
		48A9A65B1BFB659F006A1B26 /* HomePageViewController.swift */ = {isa = PBXFileReference; fileEncoding = 4; lastKnownFileType = sourcecode.swift; path = HomePageViewController.swift; sourceTree = "<group>"; };
		48A9A65F1BFB8751006A1B26 /* TorsoViewController.swift */ = {isa = PBXFileReference; fileEncoding = 4; lastKnownFileType = sourcecode.swift; name = TorsoViewController.swift; path = ../TorsoViewController.swift; sourceTree = "<group>"; };
/* End PBXFileReference section */

/* Begin PBXFrameworksBuildPhase section */
		48A9A6221BFB5E35006A1B26 /* Frameworks */ = {
			isa = PBXFrameworksBuildPhase;
			buildActionMask = 2147483647;
			files = (
				48149CA61BFC82BE0006BC61 /* Bolts.framework in Frameworks */,
				48149CA91BFC83840006BC61 /* FBSDKCoreKit.framework in Frameworks */,
				48149CAA1BFC83840006BC61 /* FBSDKLoginKit.framework in Frameworks */,
			);
			runOnlyForDeploymentPostprocessing = 0;
		};
		48A9A6361BFB5E35006A1B26 /* Frameworks */ = {
			isa = PBXFrameworksBuildPhase;
			buildActionMask = 2147483647;
			files = (
			);
			runOnlyForDeploymentPostprocessing = 0;
		};
		48A9A6411BFB5E35006A1B26 /* Frameworks */ = {
			isa = PBXFrameworksBuildPhase;
			buildActionMask = 2147483647;
			files = (
			);
			runOnlyForDeploymentPostprocessing = 0;
		};
/* End PBXFrameworksBuildPhase section */

/* Begin PBXGroup section */
		48149CE71BFCB26F0006BC61 /* Spring */ = {
			isa = PBXGroup;
			children = (
				48149CE81BFCB26F0006BC61 /* AsyncButton.swift */,
				48149CE91BFCB26F0006BC61 /* AsyncImageView.swift */,
				48149CEA1BFCB26F0006BC61 /* AutoTextView.swift */,
				48149CEB1BFCB26F0006BC61 /* BlurView.swift */,
				48149CEC1BFCB26F0006BC61 /* DesignableButton.swift */,
				48149CED1BFCB26F0006BC61 /* DesignableImageView.swift */,
				48149CEE1BFCB26F0006BC61 /* DesignableLabel.swift */,
				48149CEF1BFCB26F0006BC61 /* DesignableTabBarController.swift */,
				48149CF01BFCB26F0006BC61 /* DesignableTextField.swift */,
				48149CF11BFCB26F0006BC61 /* DesignableTextView.swift */,
				48149CF21BFCB26F0006BC61 /* DesignableView.swift */,
				48149CF31BFCB26F0006BC61 /* ImageLoader.swift */,
				48149CF41BFCB26F0006BC61 /* Info.plist */,
				48149CF51BFCB26F0006BC61 /* KeyboardLayoutConstraint.swift */,
				48149CF61BFCB26F0006BC61 /* LoadingView.swift */,
				48149CF71BFCB26F0006BC61 /* LoadingView.xib */,
				48149CF81BFCB26F0006BC61 /* Misc.swift */,
				48149CF91BFCB26F0006BC61 /* SoundPlayer.swift */,
				48149CFA1BFCB26F0006BC61 /* Spring.h */,
				48149CFB1BFCB26F0006BC61 /* Spring.swift */,
				48149CFC1BFCB26F0006BC61 /* SpringAnimation.swift */,
				48149CFD1BFCB26F0006BC61 /* SpringButton.swift */,
				48149CFE1BFCB26F0006BC61 /* SpringImageView.swift */,
				48149CFF1BFCB26F0006BC61 /* SpringLabel.swift */,
				48149D001BFCB26F0006BC61 /* SpringTextField.swift */,
				48149D011BFCB26F0006BC61 /* SpringTextView.swift */,
				48149D021BFCB26F0006BC61 /* SpringView.swift */,
				48149D031BFCB26F0006BC61 /* TransitionManager.swift */,
				48149D041BFCB26F0006BC61 /* TransitionZoom.swift */,
				48149D051BFCB26F0006BC61 /* UnwindSegue.swift */,
			);
			name = Spring;
			path = "../../../Downloads/Spring-master/Spring";
			sourceTree = "<group>";
		};
		48A9A61C1BFB5E34006A1B26 = {
			isa = PBXGroup;
			children = (
				48A9A6271BFB5E35006A1B26 /* FashionableMe */,
				48A9A63C1BFB5E35006A1B26 /* FashionableMeTests */,
				48A9A6471BFB5E35006A1B26 /* FashionableMeUITests */,
				48A9A6261BFB5E35006A1B26 /* Products */,
			);
			sourceTree = "<group>";
		};
		48A9A6261BFB5E35006A1B26 /* Products */ = {
			isa = PBXGroup;
			children = (
				48A9A6251BFB5E35006A1B26 /* FashionableMe.app */,
				48A9A6391BFB5E35006A1B26 /* FashionableMeTests.xctest */,
				48A9A6441BFB5E35006A1B26 /* FashionableMeUITests.xctest */,
			);
			name = Products;
			sourceTree = "<group>";
		};
		48A9A6271BFB5E35006A1B26 /* FashionableMe */ = {
			isa = PBXGroup;
			children = (
				48A9A65A1BFB5FAC006A1B26 /* Frameworks */,
				48A9A6281BFB5E35006A1B26 /* AppDelegate.swift */,
				48A9A62A1BFB5E35006A1B26 /* ViewController.swift */,
				48A9A65B1BFB659F006A1B26 /* HomePageViewController.swift */,
				48A9A65F1BFB8751006A1B26 /* TorsoViewController.swift */,
				481499291BFC26740006BC61 /* MainScreenViewController.swift */,
				48A9A62C1BFB5E35006A1B26 /* Main.storyboard */,
				48A9A62F1BFB5E35006A1B26 /* Assets.xcassets */,
				48A9A6311BFB5E35006A1B26 /* LaunchScreen.storyboard */,
				48A9A6341BFB5E35006A1B26 /* Info.plist */,
			);
			path = FashionableMe;
			sourceTree = "<group>";
		};
		48A9A63C1BFB5E35006A1B26 /* FashionableMeTests */ = {
			isa = PBXGroup;
			children = (
				48A9A63D1BFB5E35006A1B26 /* FashionableMeTests.swift */,
				48A9A63F1BFB5E35006A1B26 /* Info.plist */,
			);
			path = FashionableMeTests;
			sourceTree = "<group>";
		};
		48A9A6471BFB5E35006A1B26 /* FashionableMeUITests */ = {
			isa = PBXGroup;
			children = (
				48A9A6481BFB5E35006A1B26 /* FashionableMeUITests.swift */,
				48A9A64A1BFB5E35006A1B26 /* Info.plist */,
			);
			path = FashionableMeUITests;
			sourceTree = "<group>";
		};
		48A9A65A1BFB5FAC006A1B26 /* Frameworks */ = {
			isa = PBXGroup;
			children = (
				48149CE71BFCB26F0006BC61 /* Spring */,
				48149CA71BFC83840006BC61 /* FBSDKCoreKit.framework */,
				48149CA81BFC83840006BC61 /* FBSDKLoginKit.framework */,
				48149CA51BFC82BE0006BC61 /* Bolts.framework */,
			);
			name = Frameworks;
			sourceTree = "<group>";
		};
/* End PBXGroup section */

/* Begin PBXNativeTarget section */
		48A9A6241BFB5E35006A1B26 /* FashionableMe */ = {
			isa = PBXNativeTarget;
			buildConfigurationList = 48A9A64D1BFB5E35006A1B26 /* Build configuration list for PBXNativeTarget "FashionableMe" */;
			buildPhases = (
				48A9A6211BFB5E35006A1B26 /* Sources */,
				48A9A6221BFB5E35006A1B26 /* Frameworks */,
				48A9A6231BFB5E35006A1B26 /* Resources */,
			);
			buildRules = (
			);
			dependencies = (
			);
			name = FashionableMe;
			productName = FashionableMe;
			productReference = 48A9A6251BFB5E35006A1B26 /* FashionableMe.app */;
			productType = "com.apple.product-type.application";
		};
		48A9A6381BFB5E35006A1B26 /* FashionableMeTests */ = {
			isa = PBXNativeTarget;
			buildConfigurationList = 48A9A6501BFB5E35006A1B26 /* Build configuration list for PBXNativeTarget "FashionableMeTests" */;
			buildPhases = (
				48A9A6351BFB5E35006A1B26 /* Sources */,
				48A9A6361BFB5E35006A1B26 /* Frameworks */,
				48A9A6371BFB5E35006A1B26 /* Resources */,
			);
			buildRules = (
			);
			dependencies = (
				48A9A63B1BFB5E35006A1B26 /* PBXTargetDependency */,
			);
			name = FashionableMeTests;
			productName = FashionableMeTests;
			productReference = 48A9A6391BFB5E35006A1B26 /* FashionableMeTests.xctest */;
			productType = "com.apple.product-type.bundle.unit-test";
		};
		48A9A6431BFB5E35006A1B26 /* FashionableMeUITests */ = {
			isa = PBXNativeTarget;
			buildConfigurationList = 48A9A6531BFB5E35006A1B26 /* Build configuration list for PBXNativeTarget "FashionableMeUITests" */;
			buildPhases = (
				48A9A6401BFB5E35006A1B26 /* Sources */,
				48A9A6411BFB5E35006A1B26 /* Frameworks */,
				48A9A6421BFB5E35006A1B26 /* Resources */,
			);
			buildRules = (
			);
			dependencies = (
				48A9A6461BFB5E35006A1B26 /* PBXTargetDependency */,
			);
			name = FashionableMeUITests;
			productName = FashionableMeUITests;
			productReference = 48A9A6441BFB5E35006A1B26 /* FashionableMeUITests.xctest */;
			productType = "com.apple.product-type.bundle.ui-testing";
		};
/* End PBXNativeTarget section */

/* Begin PBXProject section */
		48A9A61D1BFB5E35006A1B26 /* Project object */ = {
			isa = PBXProject;
			attributes = {
				LastUpgradeCheck = 0700;
				TargetAttributes = {
					48A9A6241BFB5E35006A1B26 = {
						CreatedOnToolsVersion = 7.0.1;
					};
					48A9A6381BFB5E35006A1B26 = {
						CreatedOnToolsVersion = 7.0.1;
						TestTargetID = 48A9A6241BFB5E35006A1B26;
					};
					48A9A6431BFB5E35006A1B26 = {
						CreatedOnToolsVersion = 7.0.1;
						TestTargetID = 48A9A6241BFB5E35006A1B26;
					};
				};
			};
			buildConfigurationList = 48A9A6201BFB5E35006A1B26 /* Build configuration list for PBXProject "FashionableMe" */;
			compatibilityVersion = "Xcode 3.2";
			developmentRegion = English;
			hasScannedForEncodings = 0;
			knownRegions = (
				en,
				Base,
			);
			mainGroup = 48A9A61C1BFB5E34006A1B26;
			productRefGroup = 48A9A6261BFB5E35006A1B26 /* Products */;
			projectDirPath = "";
			projectRoot = "";
			targets = (
				48A9A6241BFB5E35006A1B26 /* FashionableMe */,
				48A9A6381BFB5E35006A1B26 /* FashionableMeTests */,
				48A9A6431BFB5E35006A1B26 /* FashionableMeUITests */,
			);
		};
/* End PBXProject section */

/* Begin PBXResourcesBuildPhase section */
		48A9A6231BFB5E35006A1B26 /* Resources */ = {
			isa = PBXResourcesBuildPhase;
			buildActionMask = 2147483647;
			files = (
				48149D121BFCB26F0006BC61 /* Info.plist in Resources */,
				48A9A6331BFB5E35006A1B26 /* LaunchScreen.storyboard in Resources */,
				48A9A6301BFB5E35006A1B26 /* Assets.xcassets in Resources */,
				48A9A62E1BFB5E35006A1B26 /* Main.storyboard in Resources */,
				48149D151BFCB26F0006BC61 /* LoadingView.xib in Resources */,
			);
			runOnlyForDeploymentPostprocessing = 0;
		};
		48A9A6371BFB5E35006A1B26 /* Resources */ = {
			isa = PBXResourcesBuildPhase;
			buildActionMask = 2147483647;
			files = (
			);
			runOnlyForDeploymentPostprocessing = 0;
		};
		48A9A6421BFB5E35006A1B26 /* Resources */ = {
			isa = PBXResourcesBuildPhase;
			buildActionMask = 2147483647;
			files = (
			);
			runOnlyForDeploymentPostprocessing = 0;
		};
/* End PBXResourcesBuildPhase section */

/* Begin PBXSourcesBuildPhase section */
		48A9A6211BFB5E35006A1B26 /* Sources */ = {
			isa = PBXSourcesBuildPhase;
			buildActionMask = 2147483647;
			files = (
				4814992A1BFC26740006BC61 /* MainScreenViewController.swift in Sources */,
				48149D0F1BFCB26F0006BC61 /* DesignableTextView.swift in Sources */,
				48149D171BFCB26F0006BC61 /* SoundPlayer.swift in Sources */,
				48149D191BFCB26F0006BC61 /* SpringAnimation.swift in Sources */,
				48149D061BFCB26F0006BC61 /* AsyncButton.swift in Sources */,
				48149D1F1BFCB26F0006BC61 /* SpringView.swift in Sources */,
				48149D131BFCB26F0006BC61 /* KeyboardLayoutConstraint.swift in Sources */,
				48149D201BFCB26F0006BC61 /* TransitionManager.swift in Sources */,
				48A9A62B1BFB5E35006A1B26 /* ViewController.swift in Sources */,
				48149D081BFCB26F0006BC61 /* AutoTextView.swift in Sources */,
				48149D0C1BFCB26F0006BC61 /* DesignableLabel.swift in Sources */,
				48149D1B1BFCB26F0006BC61 /* SpringImageView.swift in Sources */,
				48149D0B1BFCB26F0006BC61 /* DesignableImageView.swift in Sources */,
				48149D0D1BFCB26F0006BC61 /* DesignableTabBarController.swift in Sources */,
				48149D0E1BFCB26F0006BC61 /* DesignableTextField.swift in Sources */,
				48149D0A1BFCB26F0006BC61 /* DesignableButton.swift in Sources */,
				48149D1A1BFCB26F0006BC61 /* SpringButton.swift in Sources */,
				48149D1C1BFCB26F0006BC61 /* SpringLabel.swift in Sources */,
				48149D221BFCB26F0006BC61 /* UnwindSegue.swift in Sources */,
				48149D071BFCB26F0006BC61 /* AsyncImageView.swift in Sources */,
				48A9A6291BFB5E35006A1B26 /* AppDelegate.swift in Sources */,
				48149D141BFCB26F0006BC61 /* LoadingView.swift in Sources */,
				48149D181BFCB26F0006BC61 /* Spring.swift in Sources */,
				48149D1D1BFCB26F0006BC61 /* SpringTextField.swift in Sources */,
				48A9A6601BFB8751006A1B26 /* TorsoViewController.swift in Sources */,
				48149D091BFCB26F0006BC61 /* BlurView.swift in Sources */,
				48149D111BFCB26F0006BC61 /* ImageLoader.swift in Sources */,
				48149D1E1BFCB26F0006BC61 /* SpringTextView.swift in Sources */,
				48149D161BFCB26F0006BC61 /* Misc.swift in Sources */,
				48A9A65C1BFB659F006A1B26 /* HomePageViewController.swift in Sources */,
				48149D101BFCB26F0006BC61 /* DesignableView.swift in Sources */,
				48149D211BFCB26F0006BC61 /* TransitionZoom.swift in Sources */,
			);
			runOnlyForDeploymentPostprocessing = 0;
		};
		48A9A6351BFB5E35006A1B26 /* Sources */ = {
			isa = PBXSourcesBuildPhase;
			buildActionMask = 2147483647;
			files = (
				48A9A63E1BFB5E35006A1B26 /* FashionableMeTests.swift in Sources */,
			);
			runOnlyForDeploymentPostprocessing = 0;
		};
		48A9A6401BFB5E35006A1B26 /* Sources */ = {
			isa = PBXSourcesBuildPhase;
			buildActionMask = 2147483647;
			files = (
				48A9A6491BFB5E35006A1B26 /* FashionableMeUITests.swift in Sources */,
			);
			runOnlyForDeploymentPostprocessing = 0;
		};
/* End PBXSourcesBuildPhase section */

/* Begin PBXTargetDependency section */
		48A9A63B1BFB5E35006A1B26 /* PBXTargetDependency */ = {
			isa = PBXTargetDependency;
			target = 48A9A6241BFB5E35006A1B26 /* FashionableMe */;
			targetProxy = 48A9A63A1BFB5E35006A1B26 /* PBXContainerItemProxy */;
		};
		48A9A6461BFB5E35006A1B26 /* PBXTargetDependency */ = {
			isa = PBXTargetDependency;
			target = 48A9A6241BFB5E35006A1B26 /* FashionableMe */;
			targetProxy = 48A9A6451BFB5E35006A1B26 /* PBXContainerItemProxy */;
		};
/* End PBXTargetDependency section */

/* Begin PBXVariantGroup section */
		48A9A62C1BFB5E35006A1B26 /* Main.storyboard */ = {
			isa = PBXVariantGroup;
			children = (
				48A9A62D1BFB5E35006A1B26 /* Base */,
			);
			name = Main.storyboard;
			sourceTree = "<group>";
		};
		48A9A6311BFB5E35006A1B26 /* LaunchScreen.storyboard */ = {
			isa = PBXVariantGroup;
			children = (
				48A9A6321BFB5E35006A1B26 /* Base */,
			);
			name = LaunchScreen.storyboard;
			sourceTree = "<group>";
		};
/* End PBXVariantGroup section */

/* Begin XCBuildConfiguration section */
		48A9A64B1BFB5E35006A1B26 /* Debug */ = {
			isa = XCBuildConfiguration;
			buildSettings = {
				ALWAYS_SEARCH_USER_PATHS = NO;
				CLANG_CXX_LANGUAGE_STANDARD = "gnu++0x";
				CLANG_CXX_LIBRARY = "libc++";
				CLANG_ENABLE_MODULES = YES;
				CLANG_ENABLE_OBJC_ARC = YES;
				CLANG_WARN_BOOL_CONVERSION = YES;
				CLANG_WARN_CONSTANT_CONVERSION = YES;
				CLANG_WARN_DIRECT_OBJC_ISA_USAGE = YES_ERROR;
				CLANG_WARN_EMPTY_BODY = YES;
				CLANG_WARN_ENUM_CONVERSION = YES;
				CLANG_WARN_INT_CONVERSION = YES;
				CLANG_WARN_OBJC_ROOT_CLASS = YES_ERROR;
				CLANG_WARN_UNREACHABLE_CODE = YES;
				CLANG_WARN__DUPLICATE_METHOD_MATCH = YES;
				"CODE_SIGN_IDENTITY[sdk=iphoneos*]" = "iPhone Developer";
				COPY_PHASE_STRIP = NO;
				DEBUG_INFORMATION_FORMAT = dwarf;
				ENABLE_STRICT_OBJC_MSGSEND = YES;
				ENABLE_TESTABILITY = YES;
				GCC_C_LANGUAGE_STANDARD = gnu99;
				GCC_DYNAMIC_NO_PIC = NO;
				GCC_NO_COMMON_BLOCKS = YES;
				GCC_OPTIMIZATION_LEVEL = 0;
				GCC_PREPROCESSOR_DEFINITIONS = (
					"DEBUG=1",
					"$(inherited)",
				);
				GCC_WARN_64_TO_32_BIT_CONVERSION = YES;
				GCC_WARN_ABOUT_RETURN_TYPE = YES_ERROR;
				GCC_WARN_UNDECLARED_SELECTOR = YES;
				GCC_WARN_UNINITIALIZED_AUTOS = YES_AGGRESSIVE;
				GCC_WARN_UNUSED_FUNCTION = YES;
				GCC_WARN_UNUSED_VARIABLE = YES;
				IPHONEOS_DEPLOYMENT_TARGET = 9.0;
				MTL_ENABLE_DEBUG_INFO = YES;
				ONLY_ACTIVE_ARCH = YES;
				SDKROOT = iphoneos;
				SWIFT_OPTIMIZATION_LEVEL = "-Onone";
			};
			name = Debug;
		};
		48A9A64C1BFB5E35006A1B26 /* Release */ = {
			isa = XCBuildConfiguration;
			buildSettings = {
				ALWAYS_SEARCH_USER_PATHS = NO;
				CLANG_CXX_LANGUAGE_STANDARD = "gnu++0x";
				CLANG_CXX_LIBRARY = "libc++";
				CLANG_ENABLE_MODULES = YES;
				CLANG_ENABLE_OBJC_ARC = YES;
				CLANG_WARN_BOOL_CONVERSION = YES;
				CLANG_WARN_CONSTANT_CONVERSION = YES;
				CLANG_WARN_DIRECT_OBJC_ISA_USAGE = YES_ERROR;
				CLANG_WARN_EMPTY_BODY = YES;
				CLANG_WARN_ENUM_CONVERSION = YES;
				CLANG_WARN_INT_CONVERSION = YES;
				CLANG_WARN_OBJC_ROOT_CLASS = YES_ERROR;
				CLANG_WARN_UNREACHABLE_CODE = YES;
				CLANG_WARN__DUPLICATE_METHOD_MATCH = YES;
				"CODE_SIGN_IDENTITY[sdk=iphoneos*]" = "iPhone Developer";
				COPY_PHASE_STRIP = NO;
				DEBUG_INFORMATION_FORMAT = "dwarf-with-dsym";
				ENABLE_NS_ASSERTIONS = NO;
				ENABLE_STRICT_OBJC_MSGSEND = YES;
				GCC_C_LANGUAGE_STANDARD = gnu99;
				GCC_NO_COMMON_BLOCKS = YES;
				GCC_WARN_64_TO_32_BIT_CONVERSION = YES;
				GCC_WARN_ABOUT_RETURN_TYPE = YES_ERROR;
				GCC_WARN_UNDECLARED_SELECTOR = YES;
				GCC_WARN_UNINITIALIZED_AUTOS = YES_AGGRESSIVE;
				GCC_WARN_UNUSED_FUNCTION = YES;
				GCC_WARN_UNUSED_VARIABLE = YES;
				IPHONEOS_DEPLOYMENT_TARGET = 9.0;
				MTL_ENABLE_DEBUG_INFO = NO;
				SDKROOT = iphoneos;
				VALIDATE_PRODUCT = YES;
			};
			name = Release;
		};
		48A9A64E1BFB5E35006A1B26 /* Debug */ = {
			isa = XCBuildConfiguration;
			buildSettings = {
				ASSETCATALOG_COMPILER_APPICON_NAME = AppIcon;
				FRAMEWORK_SEARCH_PATHS = (
					"$(inherited)",
					/Users/Aditya/Downloads/FacebookSdk,
					"$(PROJECT_DIR)/FashionableMe",
				);
				INFOPLIST_FILE = FashionableMe/Info.plist;
				LD_RUNPATH_SEARCH_PATHS = "$(inherited) @executable_path/Frameworks";
				PRODUCT_BUNDLE_IDENTIFIER = adi.FashionableMe;
				PRODUCT_NAME = "$(TARGET_NAME)";
			};
			name = Debug;
		};
		48A9A64F1BFB5E35006A1B26 /* Release */ = {
			isa = XCBuildConfiguration;
			buildSettings = {
				ASSETCATALOG_COMPILER_APPICON_NAME = AppIcon;
				FRAMEWORK_SEARCH_PATHS = (
					"$(inherited)",
					/Users/Aditya/Downloads/FacebookSdk,
					"$(PROJECT_DIR)/FashionableMe",
				);
				INFOPLIST_FILE = FashionableMe/Info.plist;
				LD_RUNPATH_SEARCH_PATHS = "$(inherited) @executable_path/Frameworks";
				PRODUCT_BUNDLE_IDENTIFIER = adi.FashionableMe;
				PRODUCT_NAME = "$(TARGET_NAME)";
			};
			name = Release;
		};
		48A9A6511BFB5E35006A1B26 /* Debug */ = {
			isa = XCBuildConfiguration;
			buildSettings = {
				BUNDLE_LOADER = "$(TEST_HOST)";
				INFOPLIST_FILE = FashionableMeTests/Info.plist;
				LD_RUNPATH_SEARCH_PATHS = "$(inherited) @executable_path/Frameworks @loader_path/Frameworks";
				PRODUCT_BUNDLE_IDENTIFIER = adi.FashionableMeTests;
				PRODUCT_NAME = "$(TARGET_NAME)";
				TEST_HOST = "$(BUILT_PRODUCTS_DIR)/FashionableMe.app/FashionableMe";
			};
			name = Debug;
		};
		48A9A6521BFB5E35006A1B26 /* Release */ = {
			isa = XCBuildConfiguration;
			buildSettings = {
				BUNDLE_LOADER = "$(TEST_HOST)";
				INFOPLIST_FILE = FashionableMeTests/Info.plist;
				LD_RUNPATH_SEARCH_PATHS = "$(inherited) @executable_path/Frameworks @loader_path/Frameworks";
				PRODUCT_BUNDLE_IDENTIFIER = adi.FashionableMeTests;
				PRODUCT_NAME = "$(TARGET_NAME)";
				TEST_HOST = "$(BUILT_PRODUCTS_DIR)/FashionableMe.app/FashionableMe";
			};
			name = Release;
		};
		48A9A6541BFB5E35006A1B26 /* Debug */ = {
			isa = XCBuildConfiguration;
			buildSettings = {
				INFOPLIST_FILE = FashionableMeUITests/Info.plist;
				LD_RUNPATH_SEARCH_PATHS = "$(inherited) @executable_path/Frameworks @loader_path/Frameworks";
				PRODUCT_BUNDLE_IDENTIFIER = adi.FashionableMeUITests;
				PRODUCT_NAME = "$(TARGET_NAME)";
				TEST_TARGET_NAME = FashionableMe;
				USES_XCTRUNNER = YES;
			};
			name = Debug;
		};
		48A9A6551BFB5E35006A1B26 /* Release */ = {
			isa = XCBuildConfiguration;
			buildSettings = {
				INFOPLIST_FILE = FashionableMeUITests/Info.plist;
				LD_RUNPATH_SEARCH_PATHS = "$(inherited) @executable_path/Frameworks @loader_path/Frameworks";
				PRODUCT_BUNDLE_IDENTIFIER = adi.FashionableMeUITests;
				PRODUCT_NAME = "$(TARGET_NAME)";
				TEST_TARGET_NAME = FashionableMe;
				USES_XCTRUNNER = YES;
			};
			name = Release;
		};
/* End XCBuildConfiguration section */

/* Begin XCConfigurationList section */
		48A9A6201BFB5E35006A1B26 /* Build configuration list for PBXProject "FashionableMe" */ = {
			isa = XCConfigurationList;
			buildConfigurations = (
				48A9A64B1BFB5E35006A1B26 /* Debug */,
				48A9A64C1BFB5E35006A1B26 /* Release */,
			);
			defaultConfigurationIsVisible = 0;
			defaultConfigurationName = Release;
		};
		48A9A64D1BFB5E35006A1B26 /* Build configuration list for PBXNativeTarget "FashionableMe" */ = {
			isa = XCConfigurationList;
			buildConfigurations = (
				48A9A64E1BFB5E35006A1B26 /* Debug */,
				48A9A64F1BFB5E35006A1B26 /* Release */,
			);
			defaultConfigurationIsVisible = 0;
			defaultConfigurationName = Release;
		};
		48A9A6501BFB5E35006A1B26 /* Build configuration list for PBXNativeTarget "FashionableMeTests" */ = {
			isa = XCConfigurationList;
			buildConfigurations = (
				48A9A6511BFB5E35006A1B26 /* Debug */,
				48A9A6521BFB5E35006A1B26 /* Release */,
			);
			defaultConfigurationIsVisible = 0;
			defaultConfigurationName = Release;
		};
		48A9A6531BFB5E35006A1B26 /* Build configuration list for PBXNativeTarget "FashionableMeUITests" */ = {
			isa = XCConfigurationList;
			buildConfigurations = (
				48A9A6541BFB5E35006A1B26 /* Debug */,
				48A9A6551BFB5E35006A1B26 /* Release */,
			);
			defaultConfigurationIsVisible = 0;
			defaultConfigurationName = Release;
		};
/* End XCConfigurationList section */
	};
	rootObject = 48A9A61D1BFB5E35006A1B26 /* Project object */;
}
